<Solution>
  <Folder Name="/Itens de Solução/">
    <File Path="README.md" />
  </Folder>
  <Folder Name="/Solution Items/">
    <File Path=".editorconfig" />
  </Folder>
  <Folder Name="/src/">
    <File Path="docker-compose.yml" />
    <Project Path="src/ApiGateway/ApiGateway.csproj" Id="3946d80d-8641-48bf-b683-6e4850c520b6" />
  </Folder>
  <Folder Name="/src/Domains/" />
  <Folder Name="/src/Domains/Catalog/">
    <Project Path="src/Domains/Catalog/Catalog.Api/Catalog.Api.csproj" Id="c31fbff5-1dd7-4737-9a29-b8c1a74875fe" />
    <Project Path="src/Domains/Catalog/Catalog.Application/Catalog.Application.csproj" Id="0f07a527-a2ca-42a8-b329-35f2f99dec95" />
    <Project Path="src/Domains/Catalog/Catalog.Domain/Catalog.Domain.csproj" Id="efa09770-5ebb-41e8-af77-04e4f9779c5c" />
    <Project Path="src/Domains/Catalog/Catalog.Infrastructure/Catalog.Infrastructure.csproj" Id="dde496ad-f940-457c-ac6f-be57af488c3f" />
  </Folder>
  <Folder Name="/src/Domains/Identity/">
    <Project Path="src/Domains/Identity/Identity.Api/Identity.Api.csproj" />
    <Project Path="src/Domains/Identity/Identity.Application/Identity.Application.csproj" />
    <Project Path="src/Domains/Identity/Identity.Domain/Identity.Domain.csproj" />
    <Project Path="src/Domains/Identity/Identity.Infrastructure/Identity.Infrastructure.csproj" />
  </Folder>
  <Folder Name="/src/Domains/Tests/">
    <Project Path="src/Domains/Tests/Catalog.Tests/Catalog.Tests.csproj" Id="70ed9d47-2dbd-4575-9304-17e34ccbc365" />
    <Project Path="src/Domains/Tests/Identity.Tests/Identity.Tests.csproj" />
  </Folder>
  <Folder Name="/src/Tests/">
    <Project Path="src/Tests/Messaging.Tests/Messaging.Tests.csproj" Id="cd099238-f34c-4a47-ac73-7676a1b03acb" />
  </Folder>
  <Folder Name="/web_app/">
    <Project Path="web_app/domain/" Type="Website" DisplayName="domain">
      <BuildType Project="Debug" />
      <Properties Name="WebsiteProperties">
        <Property Name="Debug.AspNetCompiler.Debug" Value="&quot;True&quot;" />
        <Property Name="Debug.AspNetCompiler.FixedNames" Value="&quot;false&quot;" />
        <Property Name="Debug.AspNetCompiler.ForceOverwrite" Value="&quot;true&quot;" />
        <Property Name="Debug.AspNetCompiler.PhysicalPath" Value="&quot;web_app\domain\&quot;" />
        <Property Name="Debug.AspNetCompiler.TargetPath" Value="&quot;PrecompiledWeb\localhost_49825\&quot;" />
        <Property Name="Debug.AspNetCompiler.Updateable" Value="&quot;true&quot;" />
        <Property Name="Debug.AspNetCompiler.VirtualPath" Value="&quot;/localhost_49825&quot;" />
        <Property Name="Release.AspNetCompiler.Debug" Value="&quot;False&quot;" />
        <Property Name="Release.AspNetCompiler.FixedNames" Value="&quot;false&quot;" />
        <Property Name="Release.AspNetCompiler.ForceOverwrite" Value="&quot;true&quot;" />
        <Property Name="Release.AspNetCompiler.PhysicalPath" Value="&quot;web_app\domain\&quot;" />
        <Property Name="Release.AspNetCompiler.TargetPath" Value="&quot;PrecompiledWeb\localhost_49825\&quot;" />
        <Property Name="Release.AspNetCompiler.Updateable" Value="&quot;true&quot;" />
        <Property Name="Release.AspNetCompiler.VirtualPath" Value="&quot;/localhost_49825&quot;" />
        <Property Name="TargetFrameworkMoniker" Value="&quot;.NETFramework,Version%3Dv4.8&quot;" />
        <Property Name="VWDPort" Value="&quot;49825&quot;" />
      </Properties>
    </Project>
    <Project Path="web_app/multi-tenant-host/" Type="Website" DisplayName="multi-tenant-host">
      <BuildType Project="Debug" />
      <Properties Name="WebsiteProperties">
        <Property Name="Debug.AspNetCompiler.Debug" Value="&quot;True&quot;" />
        <Property Name="Debug.AspNetCompiler.FixedNames" Value="&quot;false&quot;" />
        <Property Name="Debug.AspNetCompiler.ForceOverwrite" Value="&quot;true&quot;" />
        <Property Name="Debug.AspNetCompiler.PhysicalPath" Value="&quot;web_app\multi-tenant-host\&quot;" />
        <Property Name="Debug.AspNetCompiler.TargetPath" Value="&quot;PrecompiledWeb\localhost_56525\&quot;" />
        <Property Name="Debug.AspNetCompiler.Updateable" Value="&quot;true&quot;" />
        <Property Name="Debug.AspNetCompiler.VirtualPath" Value="&quot;/localhost_56525&quot;" />
        <Property Name="Release.AspNetCompiler.Debug" Value="&quot;False&quot;" />
        <Property Name="Release.AspNetCompiler.FixedNames" Value="&quot;false&quot;" />
        <Property Name="Release.AspNetCompiler.ForceOverwrite" Value="&quot;true&quot;" />
        <Property Name="Release.AspNetCompiler.PhysicalPath" Value="&quot;web_app\multi-tenant-host\&quot;" />
        <Property Name="Release.AspNetCompiler.TargetPath" Value="&quot;PrecompiledWeb\localhost_56525\&quot;" />
        <Property Name="Release.AspNetCompiler.Updateable" Value="&quot;true&quot;" />
        <Property Name="Release.AspNetCompiler.VirtualPath" Value="&quot;/localhost_56525&quot;" />
        <Property Name="TargetFrameworkMoniker" Value="&quot;.NETFramework,Version%3Dv4.8&quot;" />
        <Property Name="VWDPort" Value="&quot;56525&quot;" />
      </Properties>
    </Project>
  </Folder>
</Solution>
